// !$*UTF8*$!
{
	archiveVersion = 1;
	classes = {
	};
	objectVersion = 46;
	objects = {

/* Begin PBXBuildFile section */
		271F56AE175FD0C000322A21 /* close.png in Resources */ = {isa = PBXBuildFile; fileRef = 271F56AD175FD0C000322A21 /* close.png */; };
		271F686C175FA343008CB6CF /* UIKit.framework in Frameworks */ = {isa = PBXBuildFile; fileRef = 271F686B175FA343008CB6CF /* UIKit.framework */; };
		271F686E175FA343008CB6CF /* Foundation.framework in Frameworks */ = {isa = PBXBuildFile; fileRef = 271F686D175FA343008CB6CF /* Foundation.framework */; };
		271F6870175FA343008CB6CF /* CoreGraphics.framework in Frameworks */ = {isa = PBXBuildFile; fileRef = 271F686F175FA343008CB6CF /* CoreGraphics.framework */; };
		271F6878175FA343008CB6CF /* main.m in Sources */ = {isa = PBXBuildFile; fileRef = 271F6877175FA343008CB6CF /* main.m */; };
		271F687C175FA343008CB6CF /* AppDelegate.m in Sources */ = {isa = PBXBuildFile; fileRef = 271F687B175FA343008CB6CF /* AppDelegate.m */; };
		271F6885175FA343008CB6CF /* MainStoryboard_iPhone.storyboard in Resources */ = {isa = PBXBuildFile; fileRef = 271F6883175FA343008CB6CF /* MainStoryboard_iPhone.storyboard */; };
		271F68AE175FA693008CB6CF /* GTMNSString+HTML.m in Sources */ = {isa = PBXBuildFile; fileRef = 271F689E175FA693008CB6CF /* GTMNSString+HTML.m */; settings = {COMPILER_FLAGS = "-fno-objc-arc"; }; };
		271F68AF175FA693008CB6CF /* MWFeedInfo.m in Sources */ = {isa = PBXBuildFile; fileRef = 271F68A0175FA693008CB6CF /* MWFeedInfo.m */; settings = {COMPILER_FLAGS = "-fno-objc-arc"; }; };
		271F68B0175FA693008CB6CF /* MWFeedItem.m in Sources */ = {isa = PBXBuildFile; fileRef = 271F68A2175FA693008CB6CF /* MWFeedItem.m */; settings = {COMPILER_FLAGS = "-fno-objc-arc"; }; };
		271F68B1175FA693008CB6CF /* MWFeedParser.m in Sources */ = {isa = PBXBuildFile; fileRef = 271F68A5175FA693008CB6CF /* MWFeedParser.m */; settings = {COMPILER_FLAGS = "-fno-objc-arc"; }; };
		271F68B3175FA693008CB6CF /* NSDate+InternetDateTime.m in Sources */ = {isa = PBXBuildFile; fileRef = 271F68A9175FA693008CB6CF /* NSDate+InternetDateTime.m */; settings = {COMPILER_FLAGS = "-fno-objc-arc"; }; };
		271F68B4175FA693008CB6CF /* NSString+HTML.m in Sources */ = {isa = PBXBuildFile; fileRef = 271F68AB175FA693008CB6CF /* NSString+HTML.m */; settings = {COMPILER_FLAGS = "-fno-objc-arc"; }; };
		271F68B5175FA693008CB6CF /* NSString+XMLEntities.m in Sources */ = {isa = PBXBuildFile; fileRef = 271F68AD175FA693008CB6CF /* NSString+XMLEntities.m */; settings = {COMPILER_FLAGS = "-fno-objc-arc"; }; };
		271F68B8175FA6FA008CB6CF /* BlogItemsViewController.m in Sources */ = {isa = PBXBuildFile; fileRef = 271F68B7175FA6FA008CB6CF /* BlogItemsViewController.m */; };
		271F68BB175FAA6C008CB6CF /* DetailViewController.m in Sources */ = {isa = PBXBuildFile; fileRef = 271F68BA175FAA6C008CB6CF /* DetailViewController.m */; };
		271F68C5175FB3A0008CB6CF /* cloud.png in Resources */ = {isa = PBXBuildFile; fileRef = 271F68C4175FB3A0008CB6CF /* cloud.png */; };
		271F68C7175FB3D0008CB6CF /* camp.png in Resources */ = {isa = PBXBuildFile; fileRef = 271F68C6175FB3D0008CB6CF /* camp.png */; };
		276E57DE1941EF99004299C7 /* AudioToolbox.framework in Frameworks */ = {isa = PBXBuildFile; fileRef = 276E57DD1941EF99004299C7 /* AudioToolbox.framework */; };
		276E57E21941EFDA004299C7 /* libz.1.2.5.dylib in Frameworks */ = {isa = PBXBuildFile; fileRef = 276E57E11941EFDA004299C7 /* libz.1.2.5.dylib */; };
		276E57E41941EFE4004299C7 /* libsqlite3.0.dylib in Frameworks */ = {isa = PBXBuildFile; fileRef = 276E57E31941EFE4004299C7 /* libsqlite3.0.dylib */; };
		276E57E61941EFF0004299C7 /* MapKit.framework in Frameworks */ = {isa = PBXBuildFile; fileRef = 276E57E51941EFF0004299C7 /* MapKit.framework */; };
		276E57E81941F003004299C7 /* MessageUI.framework in Frameworks */ = {isa = PBXBuildFile; fileRef = 276E57E71941F003004299C7 /* MessageUI.framework */; };
		276E57EA1941F00C004299C7 /* CoreLocation.framework in Frameworks */ = {isa = PBXBuildFile; fileRef = 276E57E91941F00C004299C7 /* CoreLocation.framework */; settings = {ATTRIBUTES = (Weak, ); }; };
		276E57EE1941FCF4004299C7 /* fce512.png in Resources */ = {isa = PBXBuildFile; fileRef = 276E57ED1941FCF4004299C7 /* fce512.png */; };
		2772D46417B09E3D0044A7BF /* UIWebView+JavaScriptAlert.m in Sources */ = {isa = PBXBuildFile; fileRef = 2772D46317B09E3D0044A7BF /* UIWebView+JavaScriptAlert.m */; };
		278B7D901940D6DF00ABB3F6 /* Images.xcassets in Resources */ = {isa = PBXBuildFile; fileRef = 278B7D8F1940D6DF00ABB3F6 /* Images.xcassets */; };
		278D32931A3A4154005A3517 /* Bolts.framework in Frameworks */ = {isa = PBXBuildFile; fileRef = 278D328E1A3A4154005A3517 /* Bolts.framework */; };
		278D32941A3A4155005A3517 /* Parse.framework in Frameworks */ = {isa = PBXBuildFile; fileRef = 278D328F1A3A4154005A3517 /* Parse.framework */; };
		278D329A1A3A4172005A3517 /* RXMLElement.m in Sources */ = {isa = PBXBuildFile; fileRef = 278D32991A3A4172005A3517 /* RXMLElement.m */; };
		278D329C1A3A422D005A3517 /* CFNetwork.framework in Frameworks */ = {isa = PBXBuildFile; fileRef = 278D329B1A3A422D005A3517 /* CFNetwork.framework */; };
		278D329E1A3A4240005A3517 /* MobileCoreServices.framework in Frameworks */ = {isa = PBXBuildFile; fileRef = 278D329D1A3A4240005A3517 /* MobileCoreServices.framework */; };
		278D32A01A3A4245005A3517 /* QuartzCore.framework in Frameworks */ = {isa = PBXBuildFile; fileRef = 278D329F1A3A4245005A3517 /* QuartzCore.framework */; };
		278D32A21A3A424D005A3517 /* Security.framework in Frameworks */ = {isa = PBXBuildFile; fileRef = 278D32A11A3A424D005A3517 /* Security.framework */; };
		278D32A41A3A4254005A3517 /* StoreKit.framework in Frameworks */ = {isa = PBXBuildFile; fileRef = 278D32A31A3A4254005A3517 /* StoreKit.framework */; };
		278D32A51A3A425E005A3517 /* SystemConfiguration.framework in Frameworks */ = {isa = PBXBuildFile; fileRef = 276E57DF1941EFBD004299C7 /* SystemConfiguration.framework */; };
		278D32A71A3A427E005A3517 /* Accounts.framework in Frameworks */ = {isa = PBXBuildFile; fileRef = 278D32A61A3A427E005A3517 /* Accounts.framework */; };
		278D32A91A3A4282005A3517 /* Social.framework in Frameworks */ = {isa = PBXBuildFile; fileRef = 278D32A81A3A4282005A3517 /* Social.framework */; };
		278E70D518D379270061C796 /* AirshipConfig.plist in Resources */ = {isa = PBXBuildFile; fileRef = 278E70D418D379270061C796 /* AirshipConfig.plist */; };
		27C998BF178D052000509298 /* AboutVC.m in Sources */ = {isa = PBXBuildFile; fileRef = 27C998BE178D052000509298 /* AboutVC.m */; };
		27EA4862179027D0001A5122 /* flower-pot.png in Resources */ = {isa = PBXBuildFile; fileRef = 27EA4861179027D0001A5122 /* flower-pot.png */; };
		27EA62421941FDCF002DA5E9 /* logo.png in Resources */ = {isa = PBXBuildFile; fileRef = 27EA62411941FDCF002DA5E9 /* logo.png */; };
/* End PBXBuildFile section */

/* Begin PBXFileReference section */
		271F56AD175FD0C000322A21 /* close.png */ = {isa = PBXFileReference; lastKnownFileType = image.png; path = close.png; sourceTree = "<group>"; };
		271F6868175FA343008CB6CF /* Full Circle Earth.app */ = {isa = PBXFileReference; explicitFileType = wrapper.application; includeInIndex = 0; path = "Full Circle Earth.app"; sourceTree = BUILT_PRODUCTS_DIR; };
		271F686B175FA343008CB6CF /* UIKit.framework */ = {isa = PBXFileReference; lastKnownFileType = wrapper.framework; name = UIKit.framework; path = System/Library/Frameworks/UIKit.framework; sourceTree = SDKROOT; };
		271F686D175FA343008CB6CF /* Foundation.framework */ = {isa = PBXFileReference; lastKnownFileType = wrapper.framework; name = Foundation.framework; path = System/Library/Frameworks/Foundation.framework; sourceTree = SDKROOT; };
		271F686F175FA343008CB6CF /* CoreGraphics.framework */ = {isa = PBXFileReference; lastKnownFileType = wrapper.framework; name = CoreGraphics.framework; path = System/Library/Frameworks/CoreGraphics.framework; sourceTree = SDKROOT; };
		271F6873175FA343008CB6CF /* Full Circle Earth-Info.plist */ = {isa = PBXFileReference; lastKnownFileType = text.plist.xml; path = "Full Circle Earth-Info.plist"; sourceTree = "<group>"; };
		271F6877175FA343008CB6CF /* main.m */ = {isa = PBXFileReference; lastKnownFileType = sourcecode.c.objc; path = main.m; sourceTree = "<group>"; };
		271F6879175FA343008CB6CF /* Full Circle Earth-Prefix.pch */ = {isa = PBXFileReference; lastKnownFileType = sourcecode.c.h; path = "Full Circle Earth-Prefix.pch"; sourceTree = "<group>"; };
		271F687A175FA343008CB6CF /* AppDelegate.h */ = {isa = PBXFileReference; lastKnownFileType = sourcecode.c.h; path = AppDelegate.h; sourceTree = "<group>"; };
		271F687B175FA343008CB6CF /* AppDelegate.m */ = {isa = PBXFileReference; lastKnownFileType = sourcecode.c.objc; path = AppDelegate.m; sourceTree = "<group>"; };
		271F6884175FA343008CB6CF /* en */ = {isa = PBXFileReference; lastKnownFileType = file.storyboard; name = en; path = en.lproj/MainStoryboard_iPhone.storyboard; sourceTree = "<group>"; };
		271F689D175FA693008CB6CF /* GTMNSString+HTML.h */ = {isa = PBXFileReference; fileEncoding = 4; lastKnownFileType = sourcecode.c.h; path = "GTMNSString+HTML.h"; sourceTree = "<group>"; };
		271F689E175FA693008CB6CF /* GTMNSString+HTML.m */ = {isa = PBXFileReference; fileEncoding = 4; lastKnownFileType = sourcecode.c.objc; path = "GTMNSString+HTML.m"; sourceTree = "<group>"; };
		271F689F175FA693008CB6CF /* MWFeedInfo.h */ = {isa = PBXFileReference; fileEncoding = 4; lastKnownFileType = sourcecode.c.h; path = MWFeedInfo.h; sourceTree = "<group>"; };
		271F68A0175FA693008CB6CF /* MWFeedInfo.m */ = {isa = PBXFileReference; fileEncoding = 4; lastKnownFileType = sourcecode.c.objc; path = MWFeedInfo.m; sourceTree = "<group>"; };
		271F68A1175FA693008CB6CF /* MWFeedItem.h */ = {isa = PBXFileReference; fileEncoding = 4; lastKnownFileType = sourcecode.c.h; path = MWFeedItem.h; sourceTree = "<group>"; };
		271F68A2175FA693008CB6CF /* MWFeedItem.m */ = {isa = PBXFileReference; fileEncoding = 4; lastKnownFileType = sourcecode.c.objc; path = MWFeedItem.m; sourceTree = "<group>"; };
		271F68A3175FA693008CB6CF /* MWFeedParser_Private.h */ = {isa = PBXFileReference; fileEncoding = 4; lastKnownFileType = sourcecode.c.h; path = MWFeedParser_Private.h; sourceTree = "<group>"; };
		271F68A4175FA693008CB6CF /* MWFeedParser.h */ = {isa = PBXFileReference; fileEncoding = 4; lastKnownFileType = sourcecode.c.h; path = MWFeedParser.h; sourceTree = "<group>"; };
		271F68A5175FA693008CB6CF /* MWFeedParser.m */ = {isa = PBXFileReference; fileEncoding = 4; lastKnownFileType = sourcecode.c.objc; path = MWFeedParser.m; sourceTree = "<group>"; };
		271F68A8175FA693008CB6CF /* NSDate+InternetDateTime.h */ = {isa = PBXFileReference; fileEncoding = 4; lastKnownFileType = sourcecode.c.h; path = "NSDate+InternetDateTime.h"; sourceTree = "<group>"; };
		271F68A9175FA693008CB6CF /* NSDate+InternetDateTime.m */ = {isa = PBXFileReference; fileEncoding = 4; lastKnownFileType = sourcecode.c.objc; path = "NSDate+InternetDateTime.m"; sourceTree = "<group>"; };
		271F68AA175FA693008CB6CF /* NSString+HTML.h */ = {isa = PBXFileReference; fileEncoding = 4; lastKnownFileType = sourcecode.c.h; path = "NSString+HTML.h"; sourceTree = "<group>"; };
		271F68AB175FA693008CB6CF /* NSString+HTML.m */ = {isa = PBXFileReference; fileEncoding = 4; lastKnownFileType = sourcecode.c.objc; path = "NSString+HTML.m"; sourceTree = "<group>"; };
		271F68AC175FA693008CB6CF /* NSString+XMLEntities.h */ = {isa = PBXFileReference; fileEncoding = 4; lastKnownFileType = sourcecode.c.h; path = "NSString+XMLEntities.h"; sourceTree = "<group>"; };
		271F68AD175FA693008CB6CF /* NSString+XMLEntities.m */ = {isa = PBXFileReference; fileEncoding = 4; lastKnownFileType = sourcecode.c.objc; path = "NSString+XMLEntities.m"; sourceTree = "<group>"; };
		271F68B6175FA6FA008CB6CF /* BlogItemsViewController.h */ = {isa = PBXFileReference; fileEncoding = 4; lastKnownFileType = sourcecode.c.h; path = BlogItemsViewController.h; sourceTree = "<group>"; };
		271F68B7175FA6FA008CB6CF /* BlogItemsViewController.m */ = {isa = PBXFileReference; fileEncoding = 4; lastKnownFileType = sourcecode.c.objc; path = BlogItemsViewController.m; sourceTree = "<group>"; };
		271F68B9175FAA6C008CB6CF /* DetailViewController.h */ = {isa = PBXFileReference; fileEncoding = 4; lastKnownFileType = sourcecode.c.h; path = DetailViewController.h; sourceTree = "<group>"; };
		271F68BA175FAA6C008CB6CF /* DetailViewController.m */ = {isa = PBXFileReference; fileEncoding = 4; lastKnownFileType = sourcecode.c.objc; path = DetailViewController.m; sourceTree = "<group>"; };
		271F68C4175FB3A0008CB6CF /* cloud.png */ = {isa = PBXFileReference; lastKnownFileType = image.png; path = cloud.png; sourceTree = "<group>"; };
		271F68C6175FB3D0008CB6CF /* camp.png */ = {isa = PBXFileReference; lastKnownFileType = image.png; path = camp.png; sourceTree = "<group>"; };
		276E57DB1941EF8C004299C7 /* CoreAudio.framework */ = {isa = PBXFileReference; lastKnownFileType = wrapper.framework; name = CoreAudio.framework; path = System/Library/Frameworks/CoreAudio.framework; sourceTree = SDKROOT; };
		276E57DD1941EF99004299C7 /* AudioToolbox.framework */ = {isa = PBXFileReference; lastKnownFileType = wrapper.framework; name = AudioToolbox.framework; path = System/Library/Frameworks/AudioToolbox.framework; sourceTree = SDKROOT; };
		276E57DF1941EFBD004299C7 /* SystemConfiguration.framework */ = {isa = PBXFileReference; lastKnownFileType = wrapper.framework; name = SystemConfiguration.framework; path = System/Library/Frameworks/SystemConfiguration.framework; sourceTree = SDKROOT; };
		276E57E11941EFDA004299C7 /* libz.1.2.5.dylib */ = {isa = PBXFileReference; lastKnownFileType = "compiled.mach-o.dylib"; name = libz.1.2.5.dylib; path = usr/lib/libz.1.2.5.dylib; sourceTree = SDKROOT; };
		276E57E31941EFE4004299C7 /* libsqlite3.0.dylib */ = {isa = PBXFileReference; lastKnownFileType = "compiled.mach-o.dylib"; name = libsqlite3.0.dylib; path = usr/lib/libsqlite3.0.dylib; sourceTree = SDKROOT; };
		276E57E51941EFF0004299C7 /* MapKit.framework */ = {isa = PBXFileReference; lastKnownFileType = wrapper.framework; name = MapKit.framework; path = System/Library/Frameworks/MapKit.framework; sourceTree = SDKROOT; };
		276E57E71941F003004299C7 /* MessageUI.framework */ = {isa = PBXFileReference; lastKnownFileType = wrapper.framework; name = MessageUI.framework; path = System/Library/Frameworks/MessageUI.framework; sourceTree = SDKROOT; };
		276E57E91941F00C004299C7 /* CoreLocation.framework */ = {isa = PBXFileReference; lastKnownFileType = wrapper.framework; name = CoreLocation.framework; path = System/Library/Frameworks/CoreLocation.framework; sourceTree = SDKROOT; };
		276E57ED1941FCF4004299C7 /* fce512.png */ = {isa = PBXFileReference; lastKnownFileType = image.png; path = fce512.png; sourceTree = "<group>"; };
		2772D46217B09E3D0044A7BF /* UIWebView+JavaScriptAlert.h */ = {isa = PBXFileReference; fileEncoding = 4; lastKnownFileType = sourcecode.c.h; path = "UIWebView+JavaScriptAlert.h"; sourceTree = "<group>"; };
		2772D46317B09E3D0044A7BF /* UIWebView+JavaScriptAlert.m */ = {isa = PBXFileReference; fileEncoding = 4; lastKnownFileType = sourcecode.c.objc; path = "UIWebView+JavaScriptAlert.m"; sourceTree = "<group>"; };
		278B7D8F1940D6DF00ABB3F6 /* Images.xcassets */ = {isa = PBXFileReference; lastKnownFileType = folder.assetcatalog; path = Images.xcassets; sourceTree = "<group>"; };
		278D328E1A3A4154005A3517 /* Bolts.framework */ = {isa = PBXFileReference; lastKnownFileType = wrapper.framework; path = Bolts.framework; sourceTree = "<group>"; };
		278D328F1A3A4154005A3517 /* Parse.framework */ = {isa = PBXFileReference; lastKnownFileType = wrapper.framework; path = Parse.framework; sourceTree = "<group>"; };
		278D32981A3A4172005A3517 /* RXMLElement.h */ = {isa = PBXFileReference; fileEncoding = 4; lastKnownFileType = sourcecode.c.h; path = RXMLElement.h; sourceTree = "<group>"; };
		278D32991A3A4172005A3517 /* RXMLElement.m */ = {isa = PBXFileReference; fileEncoding = 4; lastKnownFileType = sourcecode.c.objc; path = RXMLElement.m; sourceTree = "<group>"; };
		278D329B1A3A422D005A3517 /* CFNetwork.framework */ = {isa = PBXFileReference; lastKnownFileType = wrapper.framework; name = CFNetwork.framework; path = System/Library/Frameworks/CFNetwork.framework; sourceTree = SDKROOT; };
		278D329D1A3A4240005A3517 /* MobileCoreServices.framework */ = {isa = PBXFileReference; lastKnownFileType = wrapper.framework; name = MobileCoreServices.framework; path = System/Library/Frameworks/MobileCoreServices.framework; sourceTree = SDKROOT; };
		278D329F1A3A4245005A3517 /* QuartzCore.framework */ = {isa = PBXFileReference; lastKnownFileType = wrapper.framework; name = QuartzCore.framework; path = System/Library/Frameworks/QuartzCore.framework; sourceTree = SDKROOT; };
		278D32A11A3A424D005A3517 /* Security.framework */ = {isa = PBXFileReference; lastKnownFileType = wrapper.framework; name = Security.framework; path = System/Library/Frameworks/Security.framework; sourceTree = SDKROOT; };
		278D32A31A3A4254005A3517 /* StoreKit.framework */ = {isa = PBXFileReference; lastKnownFileType = wrapper.framework; name = StoreKit.framework; path = System/Library/Frameworks/StoreKit.framework; sourceTree = SDKROOT; };
		278D32A61A3A427E005A3517 /* Accounts.framework */ = {isa = PBXFileReference; lastKnownFileType = wrapper.framework; name = Accounts.framework; path = System/Library/Frameworks/Accounts.framework; sourceTree = SDKROOT; };
		278D32A81A3A4282005A3517 /* Social.framework */ = {isa = PBXFileReference; lastKnownFileType = wrapper.framework; name = Social.framework; path = System/Library/Frameworks/Social.framework; sourceTree = SDKROOT; };
		278E70D418D379270061C796 /* AirshipConfig.plist */ = {isa = PBXFileReference; fileEncoding = 4; lastKnownFileType = text.plist.xml; path = AirshipConfig.plist; sourceTree = "<group>"; };
		27C998BD178D052000509298 /* AboutVC.h */ = {isa = PBXFileReference; fileEncoding = 4; lastKnownFileType = sourcecode.c.h; path = AboutVC.h; sourceTree = "<group>"; };
		27C998BE178D052000509298 /* AboutVC.m */ = {isa = PBXFileReference; fileEncoding = 4; lastKnownFileType = sourcecode.c.objc; path = AboutVC.m; sourceTree = "<group>"; };
		27EA4861179027D0001A5122 /* flower-pot.png */ = {isa = PBXFileReference; lastKnownFileType = image.png; path = "flower-pot.png"; sourceTree = "<group>"; };
		27EA62411941FDCF002DA5E9 /* logo.png */ = {isa = PBXFileReference; lastKnownFileType = image.png; path = logo.png; sourceTree = "<group>"; };
/* End PBXFileReference section */

/* Begin PBXFrameworksBuildPhase section */
		271F6865175FA343008CB6CF /* Frameworks */ = {
			isa = PBXFrameworksBuildPhase;
			buildActionMask = 2147483647;
			files = (
				278D32A91A3A4282005A3517 /* Social.framework in Frameworks */,
				278D32A71A3A427E005A3517 /* Accounts.framework in Frameworks */,
				278D32A51A3A425E005A3517 /* SystemConfiguration.framework in Frameworks */,
				278D32A41A3A4254005A3517 /* StoreKit.framework in Frameworks */,
				278D32A21A3A424D005A3517 /* Security.framework in Frameworks */,
				278D32A01A3A4245005A3517 /* QuartzCore.framework in Frameworks */,
				278D329E1A3A4240005A3517 /* MobileCoreServices.framework in Frameworks */,
				278D329C1A3A422D005A3517 /* CFNetwork.framework in Frameworks */,
				276E57EA1941F00C004299C7 /* CoreLocation.framework in Frameworks */,
				276E57E81941F003004299C7 /* MessageUI.framework in Frameworks */,
				276E57E61941EFF0004299C7 /* MapKit.framework in Frameworks */,
				276E57E41941EFE4004299C7 /* libsqlite3.0.dylib in Frameworks */,
				276E57E21941EFDA004299C7 /* libz.1.2.5.dylib in Frameworks */,
				278D32931A3A4154005A3517 /* Bolts.framework in Frameworks */,
				278D32941A3A4155005A3517 /* Parse.framework in Frameworks */,
				276E57DE1941EF99004299C7 /* AudioToolbox.framework in Frameworks */,
				271F6870175FA343008CB6CF /* CoreGraphics.framework in Frameworks */,
				271F686C175FA343008CB6CF /* UIKit.framework in Frameworks */,
				271F686E175FA343008CB6CF /* Foundation.framework in Frameworks */,
			);
			runOnlyForDeploymentPostprocessing = 0;
		};
/* End PBXFrameworksBuildPhase section */

/* Begin PBXGroup section */
		271F685F175FA343008CB6CF = {
			isa = PBXGroup;
			children = (
				271F6871175FA343008CB6CF /* FCE */,
				271F686A175FA343008CB6CF /* Frameworks */,
				271F6869175FA343008CB6CF /* Products */,
			);
			sourceTree = "<group>";
		};
		271F6869175FA343008CB6CF /* Products */ = {
			isa = PBXGroup;
			children = (
				271F6868175FA343008CB6CF /* Full Circle Earth.app */,
			);
			name = Products;
			sourceTree = "<group>";
		};
		271F686A175FA343008CB6CF /* Frameworks */ = {
			isa = PBXGroup;
			children = (
				278D32A81A3A4282005A3517 /* Social.framework */,
				278D32A61A3A427E005A3517 /* Accounts.framework */,
				278D32A31A3A4254005A3517 /* StoreKit.framework */,
				278D32A11A3A424D005A3517 /* Security.framework */,
				278D329F1A3A4245005A3517 /* QuartzCore.framework */,
				278D329D1A3A4240005A3517 /* MobileCoreServices.framework */,
				278D329B1A3A422D005A3517 /* CFNetwork.framework */,
				276E57E91941F00C004299C7 /* CoreLocation.framework */,
				276E57E71941F003004299C7 /* MessageUI.framework */,
				276E57E51941EFF0004299C7 /* MapKit.framework */,
				276E57E31941EFE4004299C7 /* libsqlite3.0.dylib */,
				276E57E11941EFDA004299C7 /* libz.1.2.5.dylib */,
				276E57DF1941EFBD004299C7 /* SystemConfiguration.framework */,
				276E57DD1941EF99004299C7 /* AudioToolbox.framework */,
				276E57DB1941EF8C004299C7 /* CoreAudio.framework */,
				271F686B175FA343008CB6CF /* UIKit.framework */,
				271F686D175FA343008CB6CF /* Foundation.framework */,
				271F686F175FA343008CB6CF /* CoreGraphics.framework */,
			);
			name = Frameworks;
			sourceTree = "<group>";
		};
		271F6871175FA343008CB6CF /* FCE */ = {
			isa = PBXGroup;
			children = (
				278D32981A3A4172005A3517 /* RXMLElement.h */,
				278D32991A3A4172005A3517 /* RXMLElement.m */,
				278D328D1A3A4154005A3517 /* parse-library-1.6.0 */,
				2772D46217B09E3D0044A7BF /* UIWebView+JavaScriptAlert.h */,
				2772D46317B09E3D0044A7BF /* UIWebView+JavaScriptAlert.m */,
				271F689C175FA67E008CB6CF /* Parser */,
				271F687A175FA343008CB6CF /* AppDelegate.h */,
				271F687B175FA343008CB6CF /* AppDelegate.m */,
				278B7D8F1940D6DF00ABB3F6 /* Images.xcassets */,
				271F6883175FA343008CB6CF /* MainStoryboard_iPhone.storyboard */,
				271F6872175FA343008CB6CF /* Supporting Files */,
				271F68C9175FB414008CB6CF /* Controllers */,
			);
			name = FCE;
			path = iThottam;
			sourceTree = "<group>";
		};
		271F6872175FA343008CB6CF /* Supporting Files */ = {
			isa = PBXGroup;
			children = (
				27EA62411941FDCF002DA5E9 /* logo.png */,
				276E57ED1941FCF4004299C7 /* fce512.png */,
				278E70D418D379270061C796 /* AirshipConfig.plist */,
				271F68C8175FB402008CB6CF /* Images */,
				271F6873175FA343008CB6CF /* Full Circle Earth-Info.plist */,
				271F6877175FA343008CB6CF /* main.m */,
				271F6879175FA343008CB6CF /* Full Circle Earth-Prefix.pch */,
			);
			name = "Supporting Files";
			sourceTree = "<group>";
		};
		271F689C175FA67E008CB6CF /* Parser */ = {
			isa = PBXGroup;
			children = (
				271F689D175FA693008CB6CF /* GTMNSString+HTML.h */,
				271F689E175FA693008CB6CF /* GTMNSString+HTML.m */,
				271F689F175FA693008CB6CF /* MWFeedInfo.h */,
				271F68A0175FA693008CB6CF /* MWFeedInfo.m */,
				271F68A1175FA693008CB6CF /* MWFeedItem.h */,
				271F68A2175FA693008CB6CF /* MWFeedItem.m */,
				271F68A3175FA693008CB6CF /* MWFeedParser_Private.h */,
				271F68A4175FA693008CB6CF /* MWFeedParser.h */,
				271F68A5175FA693008CB6CF /* MWFeedParser.m */,
				271F68A8175FA693008CB6CF /* NSDate+InternetDateTime.h */,
				271F68A9175FA693008CB6CF /* NSDate+InternetDateTime.m */,
				271F68AA175FA693008CB6CF /* NSString+HTML.h */,
				271F68AB175FA693008CB6CF /* NSString+HTML.m */,
				271F68AC175FA693008CB6CF /* NSString+XMLEntities.h */,
				271F68AD175FA693008CB6CF /* NSString+XMLEntities.m */,
			);
			name = Parser;
			sourceTree = "<group>";
		};
		271F68C8175FB402008CB6CF /* Images */ = {
			isa = PBXGroup;
			children = (
				27EA4861179027D0001A5122 /* flower-pot.png */,
				271F56AD175FD0C000322A21 /* close.png */,
				271F68C6175FB3D0008CB6CF /* camp.png */,
				271F68C4175FB3A0008CB6CF /* cloud.png */,
			);
			name = Images;
			sourceTree = "<group>";
		};
		271F68C9175FB414008CB6CF /* Controllers */ = {
			isa = PBXGroup;
			children = (
				271F68D6175FB88D008CB6CF /* iPhone */,
			);
			name = Controllers;
			sourceTree = "<group>";
		};
		271F68D6175FB88D008CB6CF /* iPhone */ = {
			isa = PBXGroup;
			children = (
				27C998BD178D052000509298 /* AboutVC.h */,
				27C998BE178D052000509298 /* AboutVC.m */,
				271F68B6175FA6FA008CB6CF /* BlogItemsViewController.h */,
				271F68B7175FA6FA008CB6CF /* BlogItemsViewController.m */,
				271F68B9175FAA6C008CB6CF /* DetailViewController.h */,
				271F68BA175FAA6C008CB6CF /* DetailViewController.m */,
			);
			name = iPhone;
			sourceTree = "<group>";
		};
		278D328D1A3A4154005A3517 /* parse-library-1.6.0 */ = {
			isa = PBXGroup;
			children = (
				278D328E1A3A4154005A3517 /* Bolts.framework */,
				278D328F1A3A4154005A3517 /* Parse.framework */,
			);
			path = "parse-library-1.6.0";
			sourceTree = "<group>";
		};
/* End PBXGroup section */

/* Begin PBXNativeTarget section */
		271F6867175FA343008CB6CF /* Full Circle Earth */ = {
			isa = PBXNativeTarget;
			buildConfigurationList = 271F6899175FA343008CB6CF /* Build configuration list for PBXNativeTarget "Full Circle Earth" */;
			buildPhases = (
				271F6864175FA343008CB6CF /* Sources */,
				271F6865175FA343008CB6CF /* Frameworks */,
				271F6866175FA343008CB6CF /* Resources */,
				278D32AA1A3A42DB005A3517 /* ShellScript */,
			);
			buildRules = (
			);
			dependencies = (
			);
			name = "Full Circle Earth";
			productName = iThottam;
			productReference = 271F6868175FA343008CB6CF /* Full Circle Earth.app */;
			productType = "com.apple.product-type.application";
		};
/* End PBXNativeTarget section */

/* Begin PBXProject section */
		271F6860175FA343008CB6CF /* Project object */ = {
			isa = PBXProject;
			attributes = {
				LastUpgradeCheck = 0460;
				ORGANIZATIONNAME = "MK Touch Apps";
				TargetAttributes = {
					271F6867175FA343008CB6CF = {
						DevelopmentTeam = P8WZQPBG82;
						SystemCapabilities = {
							com.apple.iOS = {
								enabled = 0;
							};
						};
					};
				};
			};
			buildConfigurationList = 271F6863175FA343008CB6CF /* Build configuration list for PBXProject "Full Circle Earth" */;
			compatibilityVersion = "Xcode 3.2";
			developmentRegion = English;
			hasScannedForEncodings = 0;
			knownRegions = (
				en,
			);
			mainGroup = 271F685F175FA343008CB6CF;
			productRefGroup = 271F6869175FA343008CB6CF /* Products */;
			projectDirPath = "";
			projectRoot = "";
			targets = (
				271F6867175FA343008CB6CF /* Full Circle Earth */,
			);
		};
/* End PBXProject section */

/* Begin PBXResourcesBuildPhase section */
		271F6866175FA343008CB6CF /* Resources */ = {
			isa = PBXResourcesBuildPhase;
			buildActionMask = 2147483647;
			files = (
				278B7D901940D6DF00ABB3F6 /* Images.xcassets in Resources */,
				271F6885175FA343008CB6CF /* MainStoryboard_iPhone.storyboard in Resources */,
				271F68C5175FB3A0008CB6CF /* cloud.png in Resources */,
				271F68C7175FB3D0008CB6CF /* camp.png in Resources */,
				271F56AE175FD0C000322A21 /* close.png in Resources */,
				27EA4862179027D0001A5122 /* flower-pot.png in Resources */,
				278E70D518D379270061C796 /* AirshipConfig.plist in Resources */,
				276E57EE1941FCF4004299C7 /* fce512.png in Resources */,
				27EA62421941FDCF002DA5E9 /* logo.png in Resources */,
			);
			runOnlyForDeploymentPostprocessing = 0;
		};
/* End PBXResourcesBuildPhase section */

/* Begin PBXShellScriptBuildPhase section */
		278D32AA1A3A42DB005A3517 /* ShellScript */ = {
			isa = PBXShellScriptBuildPhase;
			buildActionMask = 8;
			files = (
			);
			inputPaths = (
			);
			outputPaths = (
			);
			runOnlyForDeploymentPostprocessing = 1;
			shellPath = /bin/sh;
			shellScript = "buildNumber=$(/usr/libexec/PlistBuddy -c \"Print CFBundleVersion\" \"${PROJECT_DIR}/${INFOPLIST_FILE}\")\nbuildNumber=$(($buildNumber + 1))\n/usr/libexec/PlistBuddy -c \"Set :CFBundleVersion $buildNumber\" \"${PROJECT_DIR}/${INFOPLIST_FILE}\"";
		};
/* End PBXShellScriptBuildPhase section */

/* Begin PBXSourcesBuildPhase section */
		271F6864175FA343008CB6CF /* Sources */ = {
			isa = PBXSourcesBuildPhase;
			buildActionMask = 2147483647;
			files = (
				271F6878175FA343008CB6CF /* main.m in Sources */,
				271F687C175FA343008CB6CF /* AppDelegate.m in Sources */,
				271F68AE175FA693008CB6CF /* GTMNSString+HTML.m in Sources */,
				271F68AF175FA693008CB6CF /* MWFeedInfo.m in Sources */,
				271F68B0175FA693008CB6CF /* MWFeedItem.m in Sources */,
				271F68B1175FA693008CB6CF /* MWFeedParser.m in Sources */,
				271F68B3175FA693008CB6CF /* NSDate+InternetDateTime.m in Sources */,
				271F68B4175FA693008CB6CF /* NSString+HTML.m in Sources */,
				271F68B5175FA693008CB6CF /* NSString+XMLEntities.m in Sources */,
				271F68B8175FA6FA008CB6CF /* BlogItemsViewController.m in Sources */,
				271F68BB175FAA6C008CB6CF /* DetailViewController.m in Sources */,
				278D329A1A3A4172005A3517 /* RXMLElement.m in Sources */,
				27C998BF178D052000509298 /* AboutVC.m in Sources */,
				2772D46417B09E3D0044A7BF /* UIWebView+JavaScriptAlert.m in Sources */,
			);
			runOnlyForDeploymentPostprocessing = 0;
		};
/* End PBXSourcesBuildPhase section */

/* Begin PBXVariantGroup section */
		271F6883175FA343008CB6CF /* MainStoryboard_iPhone.storyboard */ = {
			isa = PBXVariantGroup;
			children = (
				271F6884175FA343008CB6CF /* en */,
			);
			name = MainStoryboard_iPhone.storyboard;
			sourceTree = "<group>";
		};
/* End PBXVariantGroup section */

/* Begin XCBuildConfiguration section */
		271F6897175FA343008CB6CF /* Debug */ = {
			isa = XCBuildConfiguration;
			buildSettings = {
				ALWAYS_SEARCH_USER_PATHS = NO;
				CLANG_CXX_LANGUAGE_STANDARD = "gnu++0x";
				CLANG_CXX_LIBRARY = "libc++";
				CLANG_ENABLE_OBJC_ARC = YES;
				CLANG_WARN_CONSTANT_CONVERSION = YES;
				CLANG_WARN_EMPTY_BODY = YES;
				CLANG_WARN_ENUM_CONVERSION = YES;
				CLANG_WARN_INT_CONVERSION = YES;
				CLANG_WARN__DUPLICATE_METHOD_MATCH = YES;
				COPY_PHASE_STRIP = NO;
				GCC_C_LANGUAGE_STANDARD = gnu99;
				GCC_DYNAMIC_NO_PIC = NO;
				GCC_OPTIMIZATION_LEVEL = 0;
				GCC_PREPROCESSOR_DEFINITIONS = (
					"DEBUG=1",
					"$(inherited)",
				);
				GCC_SYMBOLS_PRIVATE_EXTERN = NO;
				GCC_WARN_ABOUT_RETURN_TYPE = YES;
				GCC_WARN_UNINITIALIZED_AUTOS = YES;
				GCC_WARN_UNUSED_VARIABLE = YES;
				HEADER_SEARCH_PATHS = /usr/include/libxml2;
				ONLY_ACTIVE_ARCH = YES;
				OTHER_LDFLAGS = "-lxml2";
				SDKROOT = iphoneos;
				TARGETED_DEVICE_FAMILY = 1;
			};
			name = Debug;
		};
		271F6898175FA343008CB6CF /* Release */ = {
			isa = XCBuildConfiguration;
			buildSettings = {
				ALWAYS_SEARCH_USER_PATHS = NO;
				CLANG_CXX_LANGUAGE_STANDARD = "gnu++0x";
				CLANG_CXX_LIBRARY = "libc++";
				CLANG_ENABLE_OBJC_ARC = YES;
				CLANG_WARN_CONSTANT_CONVERSION = YES;
				CLANG_WARN_EMPTY_BODY = YES;
				CLANG_WARN_ENUM_CONVERSION = YES;
				CLANG_WARN_INT_CONVERSION = YES;
				CLANG_WARN__DUPLICATE_METHOD_MATCH = YES;
				COPY_PHASE_STRIP = YES;
				GCC_C_LANGUAGE_STANDARD = gnu99;
				GCC_WARN_ABOUT_RETURN_TYPE = YES;
				GCC_WARN_UNINITIALIZED_AUTOS = YES;
				GCC_WARN_UNUSED_VARIABLE = YES;
				HEADER_SEARCH_PATHS = /usr/include/libxml2;
				OTHER_CFLAGS = "-DNS_BLOCK_ASSERTIONS=1";
				OTHER_LDFLAGS = "-lxml2";
				SDKROOT = iphoneos;
				TARGETED_DEVICE_FAMILY = 1;
				VALIDATE_PRODUCT = YES;
			};
			name = Release;
		};
		271F689A175FA343008CB6CF /* Debug */ = {
			isa = XCBuildConfiguration;
			buildSettings = {
				ASSETCATALOG_COMPILER_APPICON_NAME = AppIcon;
				ASSETCATALOG_COMPILER_LAUNCHIMAGE_NAME = LaunchImage;
				CODE_SIGN_IDENTITY = "iPhone Developer";
				"CODE_SIGN_IDENTITY[sdk=iphoneos*]" = "iPhone Developer";
				FRAMEWORK_SEARCH_PATHS = (
					"$(inherited)",
					"$(PROJECT_DIR)/iThottam/parse-library-1.6.0",
				);
				GCC_PRECOMPILE_PREFIX_HEADER = YES;
				GCC_PREFIX_HEADER = "iThottam/Full Circle Earth-Prefix.pch";
				INFOPLIST_FILE = "iThottam/Full Circle Earth-Info.plist";
				IPHONEOS_DEPLOYMENT_TARGET = 5.1.1;
				OTHER_LDFLAGS = (
					"-lxml2",
					"-ObjC",
				);
				PRODUCT_NAME = "Full Circle Earth";
				PROVISIONING_PROFILE = "20b7d473-f965-4676-801f-9d8143c4afff";
				TARGETED_DEVICE_FAMILY = 1;
				WRAPPER_EXTENSION = app;
			};
			name = Debug;
		};
		271F689B175FA343008CB6CF /* Release */ = {
			isa = XCBuildConfiguration;
			buildSettings = {
				ASSETCATALOG_COMPILER_APPICON_NAME = AppIcon;
				ASSETCATALOG_COMPILER_LAUNCHIMAGE_NAME = LaunchImage;
				CODE_SIGN_IDENTITY = "iPhone Distribution";
				"CODE_SIGN_IDENTITY[sdk=iphoneos*]" = "iPhone Distribution";
				FRAMEWORK_SEARCH_PATHS = (
					"$(inherited)",
					"$(PROJECT_DIR)/iThottam/parse-library-1.6.0",
				);
				GCC_PRECOMPILE_PREFIX_HEADER = YES;
				GCC_PREFIX_HEADER = "iThottam/Full Circle Earth-Prefix.pch";
				INFOPLIST_FILE = "iThottam/Full Circle Earth-Info.plist";
				IPHONEOS_DEPLOYMENT_TARGET = 5.1.1;
				OTHER_LDFLAGS = (
					"-lxml2",
					"-ObjC",
				);
				PRODUCT_NAME = "Full Circle Earth";
				PROVISIONING_PROFILE = "e82e2c4e-798d-440f-bdde-b995878e8c0a";
				TARGETED_DEVICE_FAMILY = 1;
				WRAPPER_EXTENSION = app;
			};
			name = Release;
		};
/* End XCBuildConfiguration section */

/* Begin XCConfigurationList section */
		271F6863175FA343008CB6CF /* Build configuration list for PBXProject "Full Circle Earth" */ = {
			isa = XCConfigurationList;
			buildConfigurations = (
				271F6897175FA343008CB6CF /* Debug */,
				271F6898175FA343008CB6CF /* Release */,
			);
			defaultConfigurationIsVisible = 0;
			defaultConfigurationName = Release;
		};
		271F6899175FA343008CB6CF /* Build configuration list for PBXNativeTarget "Full Circle Earth" */ = {
			isa = XCConfigurationList;
			buildConfigurations = (
				271F689A175FA343008CB6CF /* Debug */,
				271F689B175FA343008CB6CF /* Release */,
			);
			defaultConfigurationIsVisible = 0;
			defaultConfigurationName = Release;
		};
/* End XCConfigurationList section */
	};
	rootObject = 271F6860175FA343008CB6CF /* Project object */;
}
